
Microsoft Visual Studio Solution File, Format Version 12.00
# Visual Studio Version 16
VisualStudioVersion = 16.0.31112.23
MinimumVisualStudioVersion = 10.0.40219.1
Project("{FAE04EC0-301F-11D3-BF4B-00C04F79EFBC}") = "Alpha", "Alpha\Alpha.csproj", "{7E605898-2C83-4F27-B373-DE6C74CBBACD}"
EndProject
Global
	GlobalSection(SolutionConfigurationPlatforms) = preSolution
		Debug|Any CPU = Debug|Any CPU
		Release|Any CPU = Release|Any CPU
	EndGlobalSection
	GlobalSection(ProjectConfigurationPlatforms) = postSolution
		{7E605898-2C83-4F27-B373-DE6C74CBBACD}.Debug|Any CPU.ActiveCfg = Debug|Any CPU
		{7E605898-2C83-4F27-B373-DE6C74CBBACD}.Debug|Any CPU.Build.0 = Debug|Any CPU
		{7E605898-2C83-4F27-B373-DE6C74CBBACD}.Release|Any CPU.ActiveCfg = Release|Any CPU
		{7E605898-2C83-4F27-B373-DE6C74CBBACD}.Release|Any CPU.Build.0 = Release|Any CPU
	EndGlobalSection
	GlobalSection(SolutionProperties) = preSolution
		HideSolutionNode = FALSE
	EndGlobalSection
	GlobalSection(ExtensibilityGlobals) = postSolution
		SolutionGuid = {226FBE18-7E12-4E70-BBCB-0DC079BC0D5E}
	EndGlobalSection
EndGlobal
